// !$*UTF8*$!
{
	archiveVersion = 1;
	classes = {
	};
	objectVersion = 56;
	objects = {

/* Begin PBXBuildFile section */
		A343E34429C05D6C00D3D8F4 /* AppDelegate.swift in Sources */ = {isa = PBXBuildFile; fileRef = A343E34329C05D6C00D3D8F4 /* AppDelegate.swift */; };
		A343E34629C05D6C00D3D8F4 /* SceneDelegate.swift in Sources */ = {isa = PBXBuildFile; fileRef = A343E34529C05D6C00D3D8F4 /* SceneDelegate.swift */; };
		A343E34829C05D6C00D3D8F4 /* ViewController.swift in Sources */ = {isa = PBXBuildFile; fileRef = A343E34729C05D6C00D3D8F4 /* ViewController.swift */; };
		A343E34B29C05D6C00D3D8F4 /* Main.storyboard in Resources */ = {isa = PBXBuildFile; fileRef = A343E34929C05D6C00D3D8F4 /* Main.storyboard */; };
		A343E34D29C05D6D00D3D8F4 /* Assets.xcassets in Resources */ = {isa = PBXBuildFile; fileRef = A343E34C29C05D6D00D3D8F4 /* Assets.xcassets */; };
		A343E35029C05D6D00D3D8F4 /* LaunchScreen.storyboard in Resources */ = {isa = PBXBuildFile; fileRef = A343E34E29C05D6D00D3D8F4 /* LaunchScreen.storyboard */; };
		A34D45F429C1866400C26D68 /* BusquedaLugarViewController.swift in Sources */ = {isa = PBXBuildFile; fileRef = A34D45F329C1866400C26D68 /* BusquedaLugarViewController.swift */; };
		A36F0A6829C1A7990099D0AF /* RutaViewController.swift in Sources */ = {isa = PBXBuildFile; fileRef = A36F0A6729C1A7990099D0AF /* RutaViewController.swift */; };
/* End PBXBuildFile section */

/* Begin PBXFileReference section */
		A343E34029C05D6C00D3D8F4 /* MyLocationApp.app */ = {isa = PBXFileReference; explicitFileType = wrapper.application; includeInIndex = 0; path = MyLocationApp.app; sourceTree = BUILT_PRODUCTS_DIR; };
		A343E34329C05D6C00D3D8F4 /* AppDelegate.swift */ = {isa = PBXFileReference; lastKnownFileType = sourcecode.swift; path = AppDelegate.swift; sourceTree = "<group>"; };
		A343E34529C05D6C00D3D8F4 /* SceneDelegate.swift */ = {isa = PBXFileReference; lastKnownFileType = sourcecode.swift; path = SceneDelegate.swift; sourceTree = "<group>"; };
		A343E34729C05D6C00D3D8F4 /* ViewController.swift */ = {isa = PBXFileReference; lastKnownFileType = sourcecode.swift; path = ViewController.swift; sourceTree = "<group>"; };
		A343E34A29C05D6C00D3D8F4 /* Base */ = {isa = PBXFileReference; lastKnownFileType = file.storyboard; name = Base; path = Base.lproj/Main.storyboard; sourceTree = "<group>"; };
		A343E34C29C05D6D00D3D8F4 /* Assets.xcassets */ = {isa = PBXFileReference; lastKnownFileType = folder.assetcatalog; path = Assets.xcassets; sourceTree = "<group>"; };
		A343E34F29C05D6D00D3D8F4 /* Base */ = {isa = PBXFileReference; lastKnownFileType = file.storyboard; name = Base; path = Base.lproj/LaunchScreen.storyboard; sourceTree = "<group>"; };
		A343E35129C05D6D00D3D8F4 /* Info.plist */ = {isa = PBXFileReference; lastKnownFileType = text.plist.xml; path = Info.plist; sourceTree = "<group>"; };
		A34D45F329C1866400C26D68 /* BusquedaLugarViewController.swift */ = {isa = PBXFileReference; lastKnownFileType = sourcecode.swift; path = BusquedaLugarViewController.swift; sourceTree = "<group>"; };
		A36F0A6729C1A7990099D0AF /* RutaViewController.swift */ = {isa = PBXFileReference; lastKnownFileType = sourcecode.swift; path = RutaViewController.swift; sourceTree = "<group>"; };
/* End PBXFileReference section */

/* Begin PBXFrameworksBuildPhase section */
		A343E33D29C05D6C00D3D8F4 /* Frameworks */ = {
			isa = PBXFrameworksBuildPhase;
			buildActionMask = 2147483647;
			files = (
			);
			runOnlyForDeploymentPostprocessing = 0;
		};
/* End PBXFrameworksBuildPhase section */

/* Begin PBXGroup section */
		A343E33729C05D6C00D3D8F4 = {
			isa = PBXGroup;
			children = (
				A343E34229C05D6C00D3D8F4 /* MyLocationApp */,
				A343E34129C05D6C00D3D8F4 /* Products */,
			);
			sourceTree = "<group>";
		};
		A343E34129C05D6C00D3D8F4 /* Products */ = {
			isa = PBXGroup;
			children = (
				A343E34029C05D6C00D3D8F4 /* MyLocationApp.app */,
			);
			name = Products;
			sourceTree = "<group>";
		};
		A343E34229C05D6C00D3D8F4 /* MyLocationApp */ = {
			isa = PBXGroup;
			children = (
				A343E34329C05D6C00D3D8F4 /* AppDelegate.swift */,
				A343E34529C05D6C00D3D8F4 /* SceneDelegate.swift */,
				A34D45F529C1866B00C26D68 /* Controlador */,
				A34D45F629C1867700C26D68 /* Vista */,
				A343E35129C05D6D00D3D8F4 /* Info.plist */,
			);
			path = MyLocationApp;
			sourceTree = "<group>";
		};
		A34D45F529C1866B00C26D68 /* Controlador */ = {
			isa = PBXGroup;
			children = (
				A343E34729C05D6C00D3D8F4 /* ViewController.swift */,
				A34D45F329C1866400C26D68 /* BusquedaLugarViewController.swift */,
				A36F0A6729C1A7990099D0AF /* RutaViewController.swift */,
			);
			path = Controlador;
			sourceTree = "<group>";
		};
		A34D45F629C1867700C26D68 /* Vista */ = {
			isa = PBXGroup;
			children = (
				A343E34929C05D6C00D3D8F4 /* Main.storyboard */,
				A343E34C29C05D6D00D3D8F4 /* Assets.xcassets */,
				A343E34E29C05D6D00D3D8F4 /* LaunchScreen.storyboard */,
			);
			path = Vista;
			sourceTree = "<group>";
		};
/* End PBXGroup section */

/* Begin PBXNativeTarget section */
		A343E33F29C05D6C00D3D8F4 /* MyLocationApp */ = {
			isa = PBXNativeTarget;
			buildConfigurationList = A343E35429C05D6D00D3D8F4 /* Build configuration list for PBXNativeTarget "MyLocationApp" */;
			buildPhases = (
				A343E33C29C05D6C00D3D8F4 /* Sources */,
				A343E33D29C05D6C00D3D8F4 /* Frameworks */,
				A343E33E29C05D6C00D3D8F4 /* Resources */,
			);
			buildRules = (
			);
			dependencies = (
			);
			name = MyLocationApp;
			productName = MyLocationApp;
			productReference = A343E34029C05D6C00D3D8F4 /* MyLocationApp.app */;
			productType = "com.apple.product-type.application";
		};
/* End PBXNativeTarget section */

/* Begin PBXProject section */
		A343E33829C05D6C00D3D8F4 /* Project object */ = {
			isa = PBXProject;
			attributes = {
				BuildIndependentTargetsInParallel = 1;
				LastSwiftUpdateCheck = 1420;
				LastUpgradeCheck = 1420;
				TargetAttributes = {
					A343E33F29C05D6C00D3D8F4 = {
						CreatedOnToolsVersion = 14.2;
					};
				};
			};
			buildConfigurationList = A343E33B29C05D6C00D3D8F4 /* Build configuration list for PBXProject "MyLocationApp" */;
			compatibilityVersion = "Xcode 14.0";
			developmentRegion = en;
			hasScannedForEncodings = 0;
			knownRegions = (
				en,
				Base,
			);
			mainGroup = A343E33729C05D6C00D3D8F4;
			productRefGroup = A343E34129C05D6C00D3D8F4 /* Products */;
			projectDirPath = "";
			projectRoot = "";
			targets = (
				A343E33F29C05D6C00D3D8F4 /* MyLocationApp */,
			);
		};
/* End PBXProject section */

/* Begin PBXResourcesBuildPhase section */
		A343E33E29C05D6C00D3D8F4 /* Resources */ = {
			isa = PBXResourcesBuildPhase;
			buildActionMask = 2147483647;
			files = (
				A343E35029C05D6D00D3D8F4 /* LaunchScreen.storyboard in Resources */,
				A343E34D29C05D6D00D3D8F4 /* Assets.xcassets in Resources */,
				A343E34B29C05D6C00D3D8F4 /* Main.storyboard in Resources */,
			);
			runOnlyForDeploymentPostprocessing = 0;
		};
/* End PBXResourcesBuildPhase section */

/* Begin PBXSourcesBuildPhase section */
		A343E33C29C05D6C00D3D8F4 /* Sources */ = {
			isa = PBXSourcesBuildPhase;
			buildActionMask = 2147483647;
			files = (
				A34D45F429C1866400C26D68 /* BusquedaLugarViewController.swift in Sources */,
				A36F0A6829C1A7990099D0AF /* RutaViewController.swift in Sources */,
				A343E34829C05D6C00D3D8F4 /* ViewController.swift in Sources */,
				A343E34429C05D6C00D3D8F4 /* AppDelegate.swift in Sources */,
				A343E34629C05D6C00D3D8F4 /* SceneDelegate.swift in Sources */,
			);
			runOnlyForDeploymentPostprocessing = 0;
		};
/* End PBXSourcesBuildPhase section */

/* Begin PBXVariantGroup section */
		A343E34929C05D6C00D3D8F4 /* Main.storyboard */ = {
			isa = PBXVariantGroup;
			children = (
				A343E34A29C05D6C00D3D8F4 /* Base */,
			);
			name = Main.storyboard;
			sourceTree = "<group>";
		};
		A343E34E29C05D6D00D3D8F4 /* LaunchScreen.storyboard */ = {
			isa = PBXVariantGroup;
			children = (
				A343E34F29C05D6D00D3D8F4 /* Base */,
			);
			name = LaunchScreen.storyboard;
			sourceTree = "<group>";
		};
/* End PBXVariantGroup section */

/* Begin XCBuildConfiguration section */
		A343E35229C05D6D00D3D8F4 /* Debug */ = {
			isa = XCBuildConfiguration;
			buildSettings = {
				ALWAYS_SEARCH_USER_PATHS = NO;
				CLANG_ANALYZER_NONNULL = YES;
				CLANG_ANALYZER_NUMBER_OBJECT_CONVERSION = YES_AGGRESSIVE;
				CLANG_CXX_LANGUAGE_STANDARD = "gnu++20";
				CLANG_ENABLE_MODULES = YES;
				CLANG_ENABLE_OBJC_ARC = YES;
				CLANG_ENABLE_OBJC_WEAK = YES;
				CLANG_WARN_BLOCK_CAPTURE_AUTORELEASING = YES;
				CLANG_WARN_BOOL_CONVERSION = YES;
				CLANG_WARN_COMMA = YES;
				CLANG_WARN_CONSTANT_CONVERSION = YES;
				CLANG_WARN_DEPRECATED_OBJC_IMPLEMENTATIONS = YES;
				CLANG_WARN_DIRECT_OBJC_ISA_USAGE = YES_ERROR;
				CLANG_WARN_DOCUMENTATION_COMMENTS = YES;
				CLANG_WARN_EMPTY_BODY = YES;
				CLANG_WARN_ENUM_CONVERSION = YES;
				CLANG_WARN_INFINITE_RECURSION = YES;
				CLANG_WARN_INT_CONVERSION = YES;
				CLANG_WARN_NON_LITERAL_NULL_CONVERSION = YES;
				CLANG_WARN_OBJC_IMPLICIT_RETAIN_SELF = YES;
				CLANG_WARN_OBJC_LITERAL_CONVERSION = YES;
				CLANG_WARN_OBJC_ROOT_CLASS = YES_ERROR;
				CLANG_WARN_QUOTED_INCLUDE_IN_FRAMEWORK_HEADER = YES;
				CLANG_WARN_RANGE_LOOP_ANALYSIS = YES;
				CLANG_WARN_STRICT_PROTOTYPES = YES;
				CLANG_WARN_SUSPICIOUS_MOVE = YES;
				CLANG_WARN_UNGUARDED_AVAILABILITY = YES_AGGRESSIVE;
				CLANG_WARN_UNREACHABLE_CODE = YES;
				CLANG_WARN__DUPLICATE_METHOD_MATCH = YES;
				COPY_PHASE_STRIP = NO;
				DEBUG_INFORMATION_FORMAT = dwarf;
				ENABLE_STRICT_OBJC_MSGSEND = YES;
				ENABLE_TESTABILITY = YES;
				GCC_C_LANGUAGE_STANDARD = gnu11;
				GCC_DYNAMIC_NO_PIC = NO;
				GCC_NO_COMMON_BLOCKS = YES;
				GCC_OPTIMIZATION_LEVEL = 0;
				GCC_PREPROCESSOR_DEFINITIONS = (
					"DEBUG=1",
					"$(inherited)",
				);
				GCC_WARN_64_TO_32_BIT_CONVERSION = YES;
				GCC_WARN_ABOUT_RETURN_TYPE = YES_ERROR;
				GCC_WARN_UNDECLARED_SELECTOR = YES;
				GCC_WARN_UNINITIALIZED_AUTOS = YES_AGGRESSIVE;
				GCC_WARN_UNUSED_FUNCTION = YES;
				GCC_WARN_UNUSED_VARIABLE = YES;
				IPHONEOS_DEPLOYMENT_TARGET = 16.2;
				MTL_ENABLE_DEBUG_INFO = INCLUDE_SOURCE;
				MTL_FAST_MATH = YES;
				ONLY_ACTIVE_ARCH = YES;
				SDKROOT = iphoneos;
				SWIFT_ACTIVE_COMPILATION_CONDITIONS = DEBUG;
				SWIFT_OPTIMIZATION_LEVEL = "-Onone";
			};
			name = Debug;
		};
		A343E35329C05D6D00D3D8F4 /* Release */ = {
			isa = XCBuildConfiguration;
			buildSettings = {
				ALWAYS_SEARCH_USER_PATHS = NO;
				CLANG_ANALYZER_NONNULL = YES;
				CLANG_ANALYZER_NUMBER_OBJECT_CONVERSION = YES_AGGRESSIVE;
				CLANG_CXX_LANGUAGE_STANDARD = "gnu++20";
				CLANG_ENABLE_MODULES = YES;
				CLANG_ENABLE_OBJC_ARC = YES;
				CLANG_ENABLE_OBJC_WEAK = YES;
				CLANG_WARN_BLOCK_CAPTURE_AUTORELEASING = YES;
				CLANG_WARN_BOOL_CONVERSION = YES;
				CLANG_WARN_COMMA = YES;
				CLANG_WARN_CONSTANT_CONVERSION = YES;
				CLANG_WARN_DEPRECATED_OBJC_IMPLEMENTATIONS = YES;
				CLANG_WARN_DIRECT_OBJC_ISA_USAGE = YES_ERROR;
				CLANG_WARN_DOCUMENTATION_COMMENTS = YES;
				CLANG_WARN_EMPTY_BODY = YES;
				CLANG_WARN_ENUM_CONVERSION = YES;
				CLANG_WARN_INFINITE_RECURSION = YES;
				CLANG_WARN_INT_CONVERSION = YES;
				CLANG_WARN_NON_LITERAL_NULL_CONVERSION = YES;
				CLANG_WARN_OBJC_IMPLICIT_RETAIN_SELF = YES;
				CLANG_WARN_OBJC_LITERAL_CONVERSION = YES;
				CLANG_WARN_OBJC_ROOT_CLASS = YES_ERROR;
				CLANG_WARN_QUOTED_INCLUDE_IN_FRAMEWORK_HEADER = YES;
				CLANG_WARN_RANGE_LOOP_ANALYSIS = YES;
				CLANG_WARN_STRICT_PROTOTYPES = YES;
				CLANG_WARN_SUSPICIOUS_MOVE = YES;
				CLANG_WARN_UNGUARDED_AVAILABILITY = YES_AGGRESSIVE;
				CLANG_WARN_UNREACHABLE_CODE = YES;
				CLANG_WARN__DUPLICATE_METHOD_MATCH = YES;
				COPY_PHASE_STRIP = NO;
				DEBUG_INFORMATION_FORMAT = "dwarf-with-dsym";
				ENABLE_NS_ASSERTIONS = NO;
				ENABLE_STRICT_OBJC_MSGSEND = YES;
				GCC_C_LANGUAGE_STANDARD = gnu11;
				GCC_NO_COMMON_BLOCKS = YES;
				GCC_WARN_64_TO_32_BIT_CONVERSION = YES;
				GCC_WARN_ABOUT_RETURN_TYPE = YES_ERROR;
				GCC_WARN_UNDECLARED_SELECTOR = YES;
				GCC_WARN_UNINITIALIZED_AUTOS = YES_AGGRESSIVE;
				GCC_WARN_UNUSED_FUNCTION = YES;
				GCC_WARN_UNUSED_VARIABLE = YES;
				IPHONEOS_DEPLOYMENT_TARGET = 16.2;
				MTL_ENABLE_DEBUG_INFO = NO;
				MTL_FAST_MATH = YES;
				SDKROOT = iphoneos;
				SWIFT_COMPILATION_MODE = wholemodule;
				SWIFT_OPTIMIZATION_LEVEL = "-O";
				VALIDATE_PRODUCT = YES;
			};
			name = Release;
		};
		A343E35529C05D6D00D3D8F4 /* Debug */ = {
			isa = XCBuildConfiguration;
			buildSettings = {
				ASSETCATALOG_COMPILER_APPICON_NAME = AppIcon;
				ASSETCATALOG_COMPILER_GLOBAL_ACCENT_COLOR_NAME = AccentColor;
				CODE_SIGN_STYLE = Automatic;
				CURRENT_PROJECT_VERSION = 1;
				DEVELOPMENT_TEAM = 55YA3M63JF;
				GENERATE_INFOPLIST_FILE = YES;
				INFOPLIST_FILE = MyLocationApp/Info.plist;
				INFOPLIST_KEY_UIApplicationSupportsIndirectInputEvents = YES;
				INFOPLIST_KEY_UILaunchStoryboardName = LaunchScreen;
				INFOPLIST_KEY_UIMainStoryboardFile = Main;
				INFOPLIST_KEY_UISupportedInterfaceOrientations_iPad = "UIInterfaceOrientationPortrait UIInterfaceOrientationPortraitUpsideDown UIInterfaceOrientationLandscapeLeft UIInterfaceOrientationLandscapeRight";
				INFOPLIST_KEY_UISupportedInterfaceOrientations_iPhone = "UIInterfaceOrientationPortrait UIInterfaceOrientationLandscapeLeft UIInterfaceOrientationLandscapeRight";
				LD_RUNPATH_SEARCH_PATHS = (
					"$(inherited)",
					"@executable_path/Frameworks",
				);
				MARKETING_VERSION = 1.0;
				PRODUCT_BUNDLE_IDENTIFIER = ziutzelGrajales.MyLocationApp;
				PRODUCT_NAME = "$(TARGET_NAME)";
				SWIFT_EMIT_LOC_STRINGS = YES;
				SWIFT_VERSION = 5.0;
				TARGETED_DEVICE_FAMILY = "1,2";
			};
			name = Debug;
		};
		A343E35629C05D6D00D3D8F4 /* Release */ = {
			isa = XCBuildConfiguration;
			buildSettings = {
				ASSETCATALOG_COMPILER_APPICON_NAME = AppIcon;
				ASSETCATALOG_COMPILER_GLOBAL_ACCENT_COLOR_NAME = AccentColor;
				CODE_SIGN_STYLE = Automatic;
				CURRENT_PROJECT_VERSION = 1;
				DEVELOPMENT_TEAM = 55YA3M63JF;
				GENERATE_INFOPLIST_FILE = YES;
				INFOPLIST_FILE = MyLocationApp/Info.plist;
				INFOPLIST_KEY_UIApplicationSupportsIndirectInputEvents = YES;
				INFOPLIST_KEY_UILaunchStoryboardName = LaunchScreen;
				INFOPLIST_KEY_UIMainStoryboardFile = Main;
				INFOPLIST_KEY_UISupportedInterfaceOrientations_iPad = "UIInterfaceOrientationPortrait UIInterfaceOrientationPortraitUpsideDown UIInterfaceOrientationLandscapeLeft UIInterfaceOrientationLandscapeRight";
				INFOPLIST_KEY_UISupportedInterfaceOrientations_iPhone = "UIInterfaceOrientationPortrait UIInterfaceOrientationLandscapeLeft UIInterfaceOrientationLandscapeRight";
				LD_RUNPATH_SEARCH_PATHS = (
					"$(inherited)",
					"@executable_path/Frameworks",
				);
				MARKETING_VERSION = 1.0;
				PRODUCT_BUNDLE_IDENTIFIER = ziutzelGrajales.MyLocationApp;
				PRODUCT_NAME = "$(TARGET_NAME)";
				SWIFT_EMIT_LOC_STRINGS = YES;
				SWIFT_VERSION = 5.0;
				TARGETED_DEVICE_FAMILY = "1,2";
			};
			name = Release;
		};
/* End XCBuildConfiguration section */

/* Begin XCConfigurationList section */
		A343E33B29C05D6C00D3D8F4 /* Build configuration list for PBXProject "MyLocationApp" */ = {
			isa = XCConfigurationList;
			buildConfigurations = (
				A343E35229C05D6D00D3D8F4 /* Debug */,
				A343E35329C05D6D00D3D8F4 /* Release */,
			);
			defaultConfigurationIsVisible = 0;
			defaultConfigurationName = Release;
		};
		A343E35429C05D6D00D3D8F4 /* Build configuration list for PBXNativeTarget "MyLocationApp" */ = {
			isa = XCConfigurationList;
			buildConfigurations = (
				A343E35529C05D6D00D3D8F4 /* Debug */,
				A343E35629C05D6D00D3D8F4 /* Release */,
			);
			defaultConfigurationIsVisible = 0;
			defaultConfigurationName = Release;
		};
/* End XCConfigurationList section */
	};
	rootObject = A343E33829C05D6C00D3D8F4 /* Project object */;
}
